
Microsoft Visual Studio Solution File, Format Version 12.00
# Visual Studio 15
VisualStudioVersion = 15.0.27703.2026
MinimumVisualStudioVersion = 10.0.40219.1
Project("{888888A0-9F3D-457C-B088-3A5042F75D52}") = "CardFile", "CardFile\CardFile.pyproj", "{DC4F3DC8-59D3-4CD7-9134-7B507A4F8B9A}"
EndProject
Global
	GlobalSection(SolutionConfigurationPlatforms) = preSolution
		Debug|Any CPU = Debug|Any CPU
		Release|Any CPU = Release|Any CPU
	EndGlobalSection
	GlobalSection(ProjectConfigurationPlatforms) = postSolution
		{DC4F3DC8-59D3-4CD7-9134-7B507A4F8B9A}.Debug|Any CPU.ActiveCfg = Debug|Any CPU
		{DC4F3DC8-59D3-4CD7-9134-7B507A4F8B9A}.Release|Any CPU.ActiveCfg = Release|Any CPU
	EndGlobalSection
	GlobalSection(SolutionProperties) = preSolution
		HideSolutionNode = FALSE
	EndGlobalSection
	GlobalSection(ExtensibilityGlobals) = postSolution
		SolutionGuid = {5813B67E-9073-4B06-83C9-E209AB6121C1}
	EndGlobalSection
EndGlobal
