
Microsoft Visual Studio Solution File, Format Version 12.00
# Visual Studio 15
VisualStudioVersion = 15.0.27703.2026
MinimumVisualStudioVersion = 10.0.40219.1
Project("{888888A0-9F3D-457C-B088-3A5042F75D52}") = "CardFile 2 Web", "CardFile 2 Web\CardFile 2 Web.pyproj", "{FD24FFEE-8B78-4BDE-BCE1-81C98D7476D5}"
EndProject
Global
	GlobalSection(SolutionConfigurationPlatforms) = preSolution
		Debug|Any CPU = Debug|Any CPU
		Release|Any CPU = Release|Any CPU
	EndGlobalSection
	GlobalSection(ProjectConfigurationPlatforms) = postSolution
		{FD24FFEE-8B78-4BDE-BCE1-81C98D7476D5}.Debug|Any CPU.ActiveCfg = Debug|Any CPU
		{FD24FFEE-8B78-4BDE-BCE1-81C98D7476D5}.Release|Any CPU.ActiveCfg = Release|Any CPU
	EndGlobalSection
	GlobalSection(SolutionProperties) = preSolution
		HideSolutionNode = FALSE
	EndGlobalSection
	GlobalSection(ExtensibilityGlobals) = postSolution
		SolutionGuid = {F78D4ABD-4C38-4850-9E4B-9A3C50B5B5BF}
	EndGlobalSection
EndGlobal
